
Microsoft Visual Studio Solution File, Format Version 12.00
# Visual Studio Version 17
VisualStudioVersion = 17.7.34024.191
MinimumVisualStudioVersion = 10.0.40219.1
Project("{FAE04EC0-301F-11D3-BF4B-00C04F79EFBC}") = "lib", "lib\lib.csproj", "{C7471540-384A-4171-ABBF-8A129742A71A}"
EndProject
Global
	GlobalSection(SolutionConfigurationPlatforms) = preSolution
		Debug|Any CPU = Debug|Any CPU
		Release|Any CPU = Release|Any CPU
	EndGlobalSection
	GlobalSection(ProjectConfigurationPlatforms) = postSolution
		{C7471540-384A-4171-ABBF-8A129742A71A}.Debug|Any CPU.ActiveCfg = Debug|Any CPU
		{C7471540-384A-4171-ABBF-8A129742A71A}.Debug|Any CPU.Build.0 = Debug|Any CPU
		{C7471540-384A-4171-ABBF-8A129742A71A}.Release|Any CPU.ActiveCfg = Release|Any CPU
		{C7471540-384A-4171-ABBF-8A129742A71A}.Release|Any CPU.Build.0 = Release|Any CPU
	EndGlobalSection
	GlobalSection(SolutionProperties) = preSolution
		HideSolutionNode = FALSE
	EndGlobalSection
	GlobalSection(ExtensibilityGlobals) = postSolution
		SolutionGuid = {8A7C9CEB-358B-4AE4-A123-85AE630C91BD}
	EndGlobalSection
EndGlobal
